<?xml version="1.0" encoding="utf-8"?>
<Project ToolsVersion="4.0" xmlns="http://schemas.microsoft.com/developer/msbuild/2003">
  <ItemGroup>
    <Filter Include="Source files">
      <UniqueIdentifier>{bd8a3732-e7b7-48e9-a58d-f1bdb2564a63}</UniqueIdentifier>
      <Extensions>cpp;c;cc;cxx;def;odl;idl;hpj;bat;asm;asmx</Extensions>
    </Filter>
    <Filter Include="Header files">
      <UniqueIdentifier>{b7b22b1d-e790-4234-8172-e1bef6b9e930}</UniqueIdentifier>
      <Extensions>h;hpp;hxx;hm;inl;inc;xsd</Extensions>
    </Filter>
    <Filter Include="Resource files">
      <UniqueIdentifier>{a63e7c24-1e4b-4751-a3fa-464368cfea70}</UniqueIdentifier>
      <Extensions>rc;ico;cur;bmp;dlg;rc2;rct;bin;rgs;gif;jpg;jpeg;jpe;resx;tiff;tif;png;wav</Extensions>
    </Filter>
    <Filter Include="Doc">
      <UniqueIdentifier>{2ba3571f-e65e-4ed1-bb13-d1ad3a88b89f}</UniqueIdentifier>
    </Filter>
  </ItemGroup>
  <ItemGroup>
    <ClCompile Include="..\..\parser.c">
      <Filter>Source files</Filter>
    </ClCompile>
    <ClCompile Include="..\..\scanner.c">
      <Filter>Source files</Filter>
    </ClCompile>
  </ItemGroup>
  <ItemGroup>
    <ClInclude Include="..\..\parser.h">
      <Filter>Header files</Filter>
    </ClInclude>
  </ItemGroup>
  <ItemGroup>
    <None Include="..\..\parser.y">
      <Filter>Resource files</Filter>
    </None>
    <None Include="..\..\scanner.l">
      <Filter>Resource files</Filter>
    </None>
  </ItemGroup>
  <ItemGroup>
    <Text Include="Testes.txt">
      <Filter>Resource files</Filter>
    </Text>
    <Text Include="PaginaIdentada.html">
      <Filter>Resource files</Filter>
    </Text>
    <Text Include="Estrutura noticia doc.txt">
      <Filter>Doc</Filter>
    </Text>
  </ItemGroup>
</Project>